
Microsoft Visual Studio Solution File, Format Version 12.00
# Visual Studio 15
VisualStudioVersion = 15.0.27703.2042
MinimumVisualStudioVersion = 10.0.40219.1
Project("{FAE04EC0-301F-11D3-BF4B-00C04F79EFBC}") = "CodingChallenges", "CodingChallenges\CodingChallenges.csproj", "{5FFF5C5B-1BD0-4046-84DE-9D8C5766963E}"
EndProject
Project("{FAE04EC0-301F-11D3-BF4B-00C04F79EFBC}") = "BinaryChallenge", "BinaryChallenge\BinaryChallenge.csproj", "{40371998-B585-406E-9681-273E29387A9F}"
EndProject
Project("{FAE04EC0-301F-11D3-BF4B-00C04F79EFBC}") = "XesAndOes", "XesAndOes\XesAndOes.csproj", "{C2796172-2BE6-431B-8C4F-EE2853819096}"
EndProject
Global
	GlobalSection(SolutionConfigurationPlatforms) = preSolution
		Debug|Any CPU = Debug|Any CPU
		Release|Any CPU = Release|Any CPU
	EndGlobalSection
	GlobalSection(ProjectConfigurationPlatforms) = postSolution
		{5FFF5C5B-1BD0-4046-84DE-9D8C5766963E}.Debug|Any CPU.ActiveCfg = Debug|Any CPU
		{5FFF5C5B-1BD0-4046-84DE-9D8C5766963E}.Debug|Any CPU.Build.0 = Debug|Any CPU
		{5FFF5C5B-1BD0-4046-84DE-9D8C5766963E}.Release|Any CPU.ActiveCfg = Release|Any CPU
		{5FFF5C5B-1BD0-4046-84DE-9D8C5766963E}.Release|Any CPU.Build.0 = Release|Any CPU
		{40371998-B585-406E-9681-273E29387A9F}.Debug|Any CPU.ActiveCfg = Debug|Any CPU
		{40371998-B585-406E-9681-273E29387A9F}.Debug|Any CPU.Build.0 = Debug|Any CPU
		{40371998-B585-406E-9681-273E29387A9F}.Release|Any CPU.ActiveCfg = Release|Any CPU
		{40371998-B585-406E-9681-273E29387A9F}.Release|Any CPU.Build.0 = Release|Any CPU
		{C2796172-2BE6-431B-8C4F-EE2853819096}.Debug|Any CPU.ActiveCfg = Debug|Any CPU
		{C2796172-2BE6-431B-8C4F-EE2853819096}.Debug|Any CPU.Build.0 = Debug|Any CPU
		{C2796172-2BE6-431B-8C4F-EE2853819096}.Release|Any CPU.ActiveCfg = Release|Any CPU
		{C2796172-2BE6-431B-8C4F-EE2853819096}.Release|Any CPU.Build.0 = Release|Any CPU
	EndGlobalSection
	GlobalSection(SolutionProperties) = preSolution
		HideSolutionNode = FALSE
	EndGlobalSection
	GlobalSection(ExtensibilityGlobals) = postSolution
		SolutionGuid = {BBEB9E3D-D47E-47D6-B37A-0DF11BDDD14A}
	EndGlobalSection
EndGlobal
